// !$*UTF8*$!
{
	archiveVersion = 1;
	classes = {
	};
	objectVersion = 46;
	objects = {

/* Begin PBXBuildFile section */
		385ABDFA1F24525300150901 /* main.m in Sources */ = {isa = PBXBuildFile; fileRef = 385ABDF91F24525300150901 /* main.m */; };
		385ABDFD1F24525300150901 /* AppDelegate.m in Sources */ = {isa = PBXBuildFile; fileRef = 385ABDFC1F24525300150901 /* AppDelegate.m */; };
		385ABE001F24525300150901 /* ViewController.m in Sources */ = {isa = PBXBuildFile; fileRef = 385ABDFF1F24525300150901 /* ViewController.m */; };
		385ABE031F24525300150901 /* Main.storyboard in Resources */ = {isa = PBXBuildFile; fileRef = 385ABE011F24525300150901 /* Main.storyboard */; };
		385ABE051F24525300150901 /* Assets.xcassets in Resources */ = {isa = PBXBuildFile; fileRef = 385ABE041F24525300150901 /* Assets.xcassets */; };
		385ABE081F24525300150901 /* LaunchScreen.storyboard in Resources */ = {isa = PBXBuildFile; fileRef = 385ABE061F24525300150901 /* LaunchScreen.storyboard */; };
		385ABE111F24E58500150901 /* Extension_T.m in Sources */ = {isa = PBXBuildFile; fileRef = 385ABE101F24E58500150901 /* Extension_T.m */; };
		82D212B30767E6D6D4822AE4 /* libPods-ReactiveCocoa_Ex.a in Frameworks */ = {isa = PBXBuildFile; fileRef = 0C5A5076EBE8C7B5060DDCA5 /* libPods-ReactiveCocoa_Ex.a */; };
/* End PBXBuildFile section */

/* Begin PBXFileReference section */
		0C5A5076EBE8C7B5060DDCA5 /* libPods-ReactiveCocoa_Ex.a */ = {isa = PBXFileReference; explicitFileType = archive.ar; includeInIndex = 0; path = "libPods-ReactiveCocoa_Ex.a"; sourceTree = BUILT_PRODUCTS_DIR; };
		385ABDF51F24525300150901 /* ReactiveCocoa_Ex.app */ = {isa = PBXFileReference; explicitFileType = wrapper.application; includeInIndex = 0; path = ReactiveCocoa_Ex.app; sourceTree = BUILT_PRODUCTS_DIR; };
		385ABDF91F24525300150901 /* main.m */ = {isa = PBXFileReference; lastKnownFileType = sourcecode.c.objc; path = main.m; sourceTree = "<group>"; };
		385ABDFB1F24525300150901 /* AppDelegate.h */ = {isa = PBXFileReference; lastKnownFileType = sourcecode.c.h; path = AppDelegate.h; sourceTree = "<group>"; };
		385ABDFC1F24525300150901 /* AppDelegate.m */ = {isa = PBXFileReference; lastKnownFileType = sourcecode.c.objc; path = AppDelegate.m; sourceTree = "<group>"; };
		385ABDFE1F24525300150901 /* ViewController.h */ = {isa = PBXFileReference; lastKnownFileType = sourcecode.c.h; path = ViewController.h; sourceTree = "<group>"; };
		385ABDFF1F24525300150901 /* ViewController.m */ = {isa = PBXFileReference; lastKnownFileType = sourcecode.c.objc; path = ViewController.m; sourceTree = "<group>"; };
		385ABE021F24525300150901 /* Base */ = {isa = PBXFileReference; lastKnownFileType = file.storyboard; name = Base; path = Base.lproj/Main.storyboard; sourceTree = "<group>"; };
		385ABE041F24525300150901 /* Assets.xcassets */ = {isa = PBXFileReference; lastKnownFileType = folder.assetcatalog; path = Assets.xcassets; sourceTree = "<group>"; };
		385ABE071F24525300150901 /* Base */ = {isa = PBXFileReference; lastKnownFileType = file.storyboard; name = Base; path = Base.lproj/LaunchScreen.storyboard; sourceTree = "<group>"; };
		385ABE091F24525300150901 /* Info.plist */ = {isa = PBXFileReference; lastKnownFileType = text.plist.xml; path = Info.plist; sourceTree = "<group>"; };
		385ABE0F1F24E58500150901 /* Extension_T.h */ = {isa = PBXFileReference; fileEncoding = 4; lastKnownFileType = sourcecode.c.h; path = Extension_T.h; sourceTree = "<group>"; };
		385ABE101F24E58500150901 /* Extension_T.m */ = {isa = PBXFileReference; fileEncoding = 4; lastKnownFileType = sourcecode.c.objc; path = Extension_T.m; sourceTree = "<group>"; };
		B2BE74E59A94BD75B9E6EBB8 /* Pods-ReactiveCocoa_Ex.debug.xcconfig */ = {isa = PBXFileReference; includeInIndex = 1; lastKnownFileType = text.xcconfig; name = "Pods-ReactiveCocoa_Ex.debug.xcconfig"; path = "Pods/Target Support Files/Pods-ReactiveCocoa_Ex/Pods-ReactiveCocoa_Ex.debug.xcconfig"; sourceTree = "<group>"; };
		EF7F32C45E93EE4B2C5DB023 /* Pods-ReactiveCocoa_Ex.release.xcconfig */ = {isa = PBXFileReference; includeInIndex = 1; lastKnownFileType = text.xcconfig; name = "Pods-ReactiveCocoa_Ex.release.xcconfig"; path = "Pods/Target Support Files/Pods-ReactiveCocoa_Ex/Pods-ReactiveCocoa_Ex.release.xcconfig"; sourceTree = "<group>"; };
/* End PBXFileReference section */

/* Begin PBXFrameworksBuildPhase section */
		385ABDF21F24525300150901 /* Frameworks */ = {
			isa = PBXFrameworksBuildPhase;
			buildActionMask = 2147483647;
			files = (
				82D212B30767E6D6D4822AE4 /* libPods-ReactiveCocoa_Ex.a in Frameworks */,
			);
			runOnlyForDeploymentPostprocessing = 0;
		};
/* End PBXFrameworksBuildPhase section */

/* Begin PBXGroup section */
		2E86DC401587AA59B42562AB /* Frameworks */ = {
			isa = PBXGroup;
			children = (
				0C5A5076EBE8C7B5060DDCA5 /* libPods-ReactiveCocoa_Ex.a */,
			);
			name = Frameworks;
			sourceTree = "<group>";
		};
		385ABDEC1F24525300150901 = {
			isa = PBXGroup;
			children = (
				385ABDF71F24525300150901 /* ReactiveCocoa_Ex */,
				385ABDF61F24525300150901 /* Products */,
				FA9EF1C8944E3222876652EF /* Pods */,
				2E86DC401587AA59B42562AB /* Frameworks */,
			);
			sourceTree = "<group>";
		};
		385ABDF61F24525300150901 /* Products */ = {
			isa = PBXGroup;
			children = (
				385ABDF51F24525300150901 /* ReactiveCocoa_Ex.app */,
			);
			name = Products;
			sourceTree = "<group>";
		};
		385ABDF71F24525300150901 /* ReactiveCocoa_Ex */ = {
			isa = PBXGroup;
			children = (
				385ABDFB1F24525300150901 /* AppDelegate.h */,
				385ABDFC1F24525300150901 /* AppDelegate.m */,
				385ABDFE1F24525300150901 /* ViewController.h */,
				385ABDFF1F24525300150901 /* ViewController.m */,
				385ABE011F24525300150901 /* Main.storyboard */,
				385ABE041F24525300150901 /* Assets.xcassets */,
				385ABE061F24525300150901 /* LaunchScreen.storyboard */,
				385ABE091F24525300150901 /* Info.plist */,
				385ABDF81F24525300150901 /* Supporting Files */,
				385ABE0F1F24E58500150901 /* Extension_T.h */,
				385ABE101F24E58500150901 /* Extension_T.m */,
			);
			path = ReactiveCocoa_Ex;
			sourceTree = "<group>";
		};
		385ABDF81F24525300150901 /* Supporting Files */ = {
			isa = PBXGroup;
			children = (
				385ABDF91F24525300150901 /* main.m */,
			);
			name = "Supporting Files";
			sourceTree = "<group>";
		};
		FA9EF1C8944E3222876652EF /* Pods */ = {
			isa = PBXGroup;
			children = (
				B2BE74E59A94BD75B9E6EBB8 /* Pods-ReactiveCocoa_Ex.debug.xcconfig */,
				EF7F32C45E93EE4B2C5DB023 /* Pods-ReactiveCocoa_Ex.release.xcconfig */,
			);
			name = Pods;
			sourceTree = "<group>";
		};
/* End PBXGroup section */

/* Begin PBXNativeTarget section */
		385ABDF41F24525300150901 /* ReactiveCocoa_Ex */ = {
			isa = PBXNativeTarget;
			buildConfigurationList = 385ABE0C1F24525300150901 /* Build configuration list for PBXNativeTarget "ReactiveCocoa_Ex" */;
			buildPhases = (
				E87DE271600D3F14519E28B6 /* [CP] Check Pods Manifest.lock */,
				385ABDF11F24525300150901 /* Sources */,
				385ABDF21F24525300150901 /* Frameworks */,
				385ABDF31F24525300150901 /* Resources */,
				F46DD7D402DFE4B97B10BDE8 /* [CP] Embed Pods Frameworks */,
				98E78080FE7EDE164148FA16 /* [CP] Copy Pods Resources */,
			);
			buildRules = (
			);
			dependencies = (
			);
			name = ReactiveCocoa_Ex;
			productName = ReactiveCocoa_Ex;
			productReference = 385ABDF51F24525300150901 /* ReactiveCocoa_Ex.app */;
			productType = "com.apple.product-type.application";
		};
/* End PBXNativeTarget section */

/* Begin PBXProject section */
		385ABDED1F24525300150901 /* Project object */ = {
			isa = PBXProject;
			attributes = {
				LastUpgradeCheck = 0830;
				ORGANIZATIONNAME = Plum;
				TargetAttributes = {
					385ABDF41F24525300150901 = {
						CreatedOnToolsVersion = 8.3.3;
						DevelopmentTeam = R86UW7Z2FX;
						ProvisioningStyle = Automatic;
					};
				};
			};
			buildConfigurationList = 385ABDF01F24525300150901 /* Build configuration list for PBXProject "ReactiveCocoa_Ex" */;
			compatibilityVersion = "Xcode 3.2";
			developmentRegion = English;
			hasScannedForEncodings = 0;
			knownRegions = (
				en,
				Base,
			);
			mainGroup = 385ABDEC1F24525300150901;
			productRefGroup = 385ABDF61F24525300150901 /* Products */;
			projectDirPath = "";
			projectRoot = "";
			targets = (
				385ABDF41F24525300150901 /* ReactiveCocoa_Ex */,
			);
		};
/* End PBXProject section */

/* Begin PBXResourcesBuildPhase section */
		385ABDF31F24525300150901 /* Resources */ = {
			isa = PBXResourcesBuildPhase;
			buildActionMask = 2147483647;
			files = (
				385ABE081F24525300150901 /* LaunchScreen.storyboard in Resources */,
				385ABE051F24525300150901 /* Assets.xcassets in Resources */,
				385ABE031F24525300150901 /* Main.storyboard in Resources */,
			);
			runOnlyForDeploymentPostprocessing = 0;
		};
/* End PBXResourcesBuildPhase section */

/* Begin PBXShellScriptBuildPhase section */
		98E78080FE7EDE164148FA16 /* [CP] Copy Pods Resources */ = {
			isa = PBXShellScriptBuildPhase;
			buildActionMask = 2147483647;
			files = (
			);
			inputPaths = (
			);
			name = "[CP] Copy Pods Resources";
			outputPaths = (
			);
			runOnlyForDeploymentPostprocessing = 0;
			shellPath = /bin/sh;
			shellScript = "\"${SRCROOT}/Pods/Target Support Files/Pods-ReactiveCocoa_Ex/Pods-ReactiveCocoa_Ex-resources.sh\"\n";
			showEnvVarsInLog = 0;
		};
		E87DE271600D3F14519E28B6 /* [CP] Check Pods Manifest.lock */ = {
			isa = PBXShellScriptBuildPhase;
			buildActionMask = 2147483647;
			files = (
			);
			inputPaths = (
				"${PODS_PODFILE_DIR_PATH}/Podfile.lock",
				"${PODS_ROOT}/Manifest.lock",
			);
			name = "[CP] Check Pods Manifest.lock";
			outputPaths = (
				"$(DERIVED_FILE_DIR)/Pods-ReactiveCocoa_Ex-checkManifestLockResult.txt",
			);
			runOnlyForDeploymentPostprocessing = 0;
			shellPath = /bin/sh;
			shellScript = "diff \"${PODS_PODFILE_DIR_PATH}/Podfile.lock\" \"${PODS_ROOT}/Manifest.lock\" > /dev/null\nif [ $? != 0 ] ; then\n    # print error to STDERR\n    echo \"error: The sandbox is not in sync with the Podfile.lock. Run 'pod install' or update your CocoaPods installation.\" >&2\n    exit 1\nfi\n# This output is used by Xcode 'outputs' to avoid re-running this script phase.\necho \"SUCCESS\" > \"${SCRIPT_OUTPUT_FILE_0}\"\n";
			showEnvVarsInLog = 0;
		};
		F46DD7D402DFE4B97B10BDE8 /* [CP] Embed Pods Frameworks */ = {
			isa = PBXShellScriptBuildPhase;
			buildActionMask = 2147483647;
			files = (
			);
			inputPaths = (
			);
			name = "[CP] Embed Pods Frameworks";
			outputPaths = (
			);
			runOnlyForDeploymentPostprocessing = 0;
			shellPath = /bin/sh;
			shellScript = "\"${SRCROOT}/Pods/Target Support Files/Pods-ReactiveCocoa_Ex/Pods-ReactiveCocoa_Ex-frameworks.sh\"\n";
			showEnvVarsInLog = 0;
		};
/* End PBXShellScriptBuildPhase section */

/* Begin PBXSourcesBuildPhase section */
		385ABDF11F24525300150901 /* Sources */ = {
			isa = PBXSourcesBuildPhase;
			buildActionMask = 2147483647;
			files = (
				385ABE111F24E58500150901 /* Extension_T.m in Sources */,
				385ABE001F24525300150901 /* ViewController.m in Sources */,
				385ABDFD1F24525300150901 /* AppDelegate.m in Sources */,
				385ABDFA1F24525300150901 /* main.m in Sources */,
			);
			runOnlyForDeploymentPostprocessing = 0;
		};
/* End PBXSourcesBuildPhase section */

/* Begin PBXVariantGroup section */
		385ABE011F24525300150901 /* Main.storyboard */ = {
			isa = PBXVariantGroup;
			children = (
				385ABE021F24525300150901 /* Base */,
			);
			name = Main.storyboard;
			sourceTree = "<group>";
		};
		385ABE061F24525300150901 /* LaunchScreen.storyboard */ = {
			isa = PBXVariantGroup;
			children = (
				385ABE071F24525300150901 /* Base */,
			);
			name = LaunchScreen.storyboard;
			sourceTree = "<group>";
		};
/* End PBXVariantGroup section */

/* Begin XCBuildConfiguration section */
		385ABE0A1F24525300150901 /* Debug */ = {
			isa = XCBuildConfiguration;
			buildSettings = {
				ALWAYS_SEARCH_USER_PATHS = NO;
				CLANG_ANALYZER_NONNULL = YES;
				CLANG_ANALYZER_NUMBER_OBJECT_CONVERSION = YES_AGGRESSIVE;
				CLANG_CXX_LANGUAGE_STANDARD = "gnu++0x";
				CLANG_CXX_LIBRARY = "libc++";
				CLANG_ENABLE_MODULES = YES;
				CLANG_ENABLE_OBJC_ARC = YES;
				CLANG_WARN_BOOL_CONVERSION = YES;
				CLANG_WARN_CONSTANT_CONVERSION = YES;
				CLANG_WARN_DIRECT_OBJC_ISA_USAGE = YES_ERROR;
				CLANG_WARN_DOCUMENTATION_COMMENTS = YES;
				CLANG_WARN_EMPTY_BODY = YES;
				CLANG_WARN_ENUM_CONVERSION = YES;
				CLANG_WARN_INFINITE_RECURSION = YES;
				CLANG_WARN_INT_CONVERSION = YES;
				CLANG_WARN_OBJC_ROOT_CLASS = YES_ERROR;
				CLANG_WARN_SUSPICIOUS_MOVE = YES;
				CLANG_WARN_UNREACHABLE_CODE = YES;
				CLANG_WARN__DUPLICATE_METHOD_MATCH = YES;
				"CODE_SIGN_IDENTITY[sdk=iphoneos*]" = "iPhone Developer";
				COPY_PHASE_STRIP = NO;
				DEBUG_INFORMATION_FORMAT = dwarf;
				ENABLE_STRICT_OBJC_MSGSEND = YES;
				ENABLE_TESTABILITY = YES;
				GCC_C_LANGUAGE_STANDARD = gnu99;
				GCC_DYNAMIC_NO_PIC = NO;
				GCC_NO_COMMON_BLOCKS = YES;
				GCC_OPTIMIZATION_LEVEL = 0;
				GCC_PREPROCESSOR_DEFINITIONS = (
					"DEBUG=1",
					"$(inherited)",
				);
				GCC_WARN_64_TO_32_BIT_CONVERSION = YES;
				GCC_WARN_ABOUT_RETURN_TYPE = YES_ERROR;
				GCC_WARN_UNDECLARED_SELECTOR = YES;
				GCC_WARN_UNINITIALIZED_AUTOS = YES_AGGRESSIVE;
				GCC_WARN_UNUSED_FUNCTION = YES;
				GCC_WARN_UNUSED_VARIABLE = YES;
				IPHONEOS_DEPLOYMENT_TARGET = 10.3;
				MTL_ENABLE_DEBUG_INFO = YES;
				ONLY_ACTIVE_ARCH = YES;
				SDKROOT = iphoneos;
				TARGETED_DEVICE_FAMILY = "1,2";
			};
			name = Debug;
		};
		385ABE0B1F24525300150901 /* Release */ = {
			isa = XCBuildConfiguration;
			buildSettings = {
				ALWAYS_SEARCH_USER_PATHS = NO;
				CLANG_ANALYZER_NONNULL = YES;
				CLANG_ANALYZER_NUMBER_OBJECT_CONVERSION = YES_AGGRESSIVE;
				CLANG_CXX_LANGUAGE_STANDARD = "gnu++0x";
				CLANG_CXX_LIBRARY = "libc++";
				CLANG_ENABLE_MODULES = YES;
				CLANG_ENABLE_OBJC_ARC = YES;
				CLANG_WARN_BOOL_CONVERSION = YES;
				CLANG_WARN_CONSTANT_CONVERSION = YES;
				CLANG_WARN_DIRECT_OBJC_ISA_USAGE = YES_ERROR;
				CLANG_WARN_DOCUMENTATION_COMMENTS = YES;
				CLANG_WARN_EMPTY_BODY = YES;
				CLANG_WARN_ENUM_CONVERSION = YES;
				CLANG_WARN_INFINITE_RECURSION = YES;
				CLANG_WARN_INT_CONVERSION = YES;
				CLANG_WARN_OBJC_ROOT_CLASS = YES_ERROR;
				CLANG_WARN_SUSPICIOUS_MOVE = YES;
				CLANG_WARN_UNREACHABLE_CODE = YES;
				CLANG_WARN__DUPLICATE_METHOD_MATCH = YES;
				"CODE_SIGN_IDENTITY[sdk=iphoneos*]" = "iPhone Developer";
				COPY_PHASE_STRIP = NO;
				DEBUG_INFORMATION_FORMAT = "dwarf-with-dsym";
				ENABLE_NS_ASSERTIONS = NO;
				ENABLE_STRICT_OBJC_MSGSEND = YES;
				GCC_C_LANGUAGE_STANDARD = gnu99;
				GCC_NO_COMMON_BLOCKS = YES;
				GCC_WARN_64_TO_32_BIT_CONVERSION = YES;
				GCC_WARN_ABOUT_RETURN_TYPE = YES_ERROR;
				GCC_WARN_UNDECLARED_SELECTOR = YES;
				GCC_WARN_UNINITIALIZED_AUTOS = YES_AGGRESSIVE;
				GCC_WARN_UNUSED_FUNCTION = YES;
				GCC_WARN_UNUSED_VARIABLE = YES;
				IPHONEOS_DEPLOYMENT_TARGET = 10.3;
				MTL_ENABLE_DEBUG_INFO = NO;
				SDKROOT = iphoneos;
				TARGETED_DEVICE_FAMILY = "1,2";
				VALIDATE_PRODUCT = YES;
			};
			name = Release;
		};
		385ABE0D1F24525300150901 /* Debug */ = {
			isa = XCBuildConfiguration;
			baseConfigurationReference = B2BE74E59A94BD75B9E6EBB8 /* Pods-ReactiveCocoa_Ex.debug.xcconfig */;
			buildSettings = {
				ASSETCATALOG_COMPILER_APPICON_NAME = AppIcon;
				DEVELOPMENT_TEAM = R86UW7Z2FX;
				INFOPLIST_FILE = ReactiveCocoa_Ex/Info.plist;
				LD_RUNPATH_SEARCH_PATHS = "$(inherited) @executable_path/Frameworks";
				PRODUCT_BUNDLE_IDENTIFIER = "com.plum.ReactiveCocoa-Ex";
				PRODUCT_NAME = "$(TARGET_NAME)";
			};
			name = Debug;
		};
		385ABE0E1F24525300150901 /* Release */ = {
			isa = XCBuildConfiguration;
			baseConfigurationReference = EF7F32C45E93EE4B2C5DB023 /* Pods-ReactiveCocoa_Ex.release.xcconfig */;
			buildSettings = {
				ASSETCATALOG_COMPILER_APPICON_NAME = AppIcon;
				DEVELOPMENT_TEAM = R86UW7Z2FX;
				INFOPLIST_FILE = ReactiveCocoa_Ex/Info.plist;
				LD_RUNPATH_SEARCH_PATHS = "$(inherited) @executable_path/Frameworks";
				PRODUCT_BUNDLE_IDENTIFIER = "com.plum.ReactiveCocoa-Ex";
				PRODUCT_NAME = "$(TARGET_NAME)";
			};
			name = Release;
		};
/* End XCBuildConfiguration section */

/* Begin XCConfigurationList section */
		385ABDF01F24525300150901 /* Build configuration list for PBXProject "ReactiveCocoa_Ex" */ = {
			isa = XCConfigurationList;
			buildConfigurations = (
				385ABE0A1F24525300150901 /* Debug */,
				385ABE0B1F24525300150901 /* Release */,
			);
			defaultConfigurationIsVisible = 0;
			defaultConfigurationName = Release;
		};
		385ABE0C1F24525300150901 /* Build configuration list for PBXNativeTarget "ReactiveCocoa_Ex" */ = {
			isa = XCConfigurationList;
			buildConfigurations = (
				385ABE0D1F24525300150901 /* Debug */,
				385ABE0E1F24525300150901 /* Release */,
			);
			defaultConfigurationIsVisible = 0;
			defaultConfigurationName = Release;
		};
/* End XCConfigurationList section */
	};
	rootObject = 385ABDED1F24525300150901 /* Project object */;
}
